<?xml version="1.0" encoding="utf-8"?>
<Project ToolsVersion="4.0" xmlns="http://schemas.microsoft.com/developer/msbuild/2003">
  <ItemGroup>
    <Filter Include="Source Files">
      <UniqueIdentifier>{4FC737F1-C7A5-4376-A066-2A32D752A2FF}</UniqueIdentifier>
      <Extensions>cpp;c;cc;cxx;c++;cppm;ixx;def;odl;idl;hpj;bat;asm;asmx</Extensions>
    </Filter>
    <Filter Include="Header Files">
      <UniqueIdentifier>{93995380-89BD-4b04-88EB-625FBE52EBFB}</UniqueIdentifier>
      <Extensions>h;hh;hpp;hxx;h++;hm;inl;inc;ipp;xsd</Extensions>
    </Filter>
    <Filter Include="Resource Files">
      <UniqueIdentifier>{67DA6AB6-F800-4c08-8B7A-83BB121AAD01}</UniqueIdentifier>
      <Extensions>rc;ico;cur;bmp;dlg;rc2;rct;bin;rgs;gif;jpg;jpeg;jpe;resx;tiff;tif;png;wav;mfcribbon-ms</Extensions>
    </Filter>
  </ItemGroup>
  <ItemGroup>
    <ClInclude Include="SemanticAnalyzer.h">
      <Filter>Header Files</Filter>
    </ClInclude>
    <ClInclude Include="SymbolTable.h">
      <Filter>Header Files</Filter>
    </ClInclude>
    <ClInclude Include="DeclarationProcessor.h">
      <Filter>Header Files</Filter>
    </ClInclude>
    <ClInclude Include="TypeGraph.h">
      <Filter>Header Files</Filter>
    </ClInclude>
    <ClInclude Include="ConstantExpressionEvaluator.h">
      <Filter>Header Files</Filter>
    </ClInclude>
    <ClInclude Include="TypeSpecProcessor.h">
      <Filter>Header Files</Filter>
    </ClInclude>
    <ClInclude Include="ASTree.h">
      <Filter>Header Files</Filter>
    </ClInclude>
    <ClInclude Include="SemanticAnalyzerError.h">
      <Filter>Header Files</Filter>
    </ClInclude>
    <ClInclude Include="EnumSpecifierProcessor.h">
      <Filter>Header Files</Filter>
    </ClInclude>
    <ClInclude Include="StructOrUnionSpecProcessor.h">
      <Filter>Header Files</Filter>
    </ClInclude>
    <ClInclude Include="DeclaratorProcessor.h">
      <Filter>Header Files</Filter>
    </ClInclude>
    <ClInclude Include="TypeQualListProcessor.h">
      <Filter>Header Files</Filter>
    </ClInclude>
  </ItemGroup>
  <ItemGroup>
    <ClCompile Include="SemanticAnalyzer.cpp">
      <Filter>Source Files</Filter>
    </ClCompile>
    <ClCompile Include="SymbolTable.cpp">
      <Filter>Source Files</Filter>
    </ClCompile>
    <ClCompile Include="DeclarationProcessor.cpp">
      <Filter>Source Files</Filter>
    </ClCompile>
    <ClCompile Include="TypeGraph.cpp">
      <Filter>Source Files</Filter>
    </ClCompile>
    <ClCompile Include="ConstantExpressionEvaluator.cpp">
      <Filter>Source Files</Filter>
    </ClCompile>
    <ClCompile Include="TypeSpecProcessor.cpp">
      <Filter>Source Files</Filter>
    </ClCompile>
    <ClCompile Include="ASTree.cpp">
      <Filter>Source Files</Filter>
    </ClCompile>
    <ClCompile Include="EnumSpecifierProcessor.cpp">
      <Filter>Source Files</Filter>
    </ClCompile>
    <ClCompile Include="StructOrUnionSpecProcessor.cpp">
      <Filter>Source Files</Filter>
    </ClCompile>
    <ClCompile Include="DeclaratorProcessor.cpp">
      <Filter>Source Files</Filter>
    </ClCompile>
    <ClCompile Include="TypeQualListProcessor.cpp">
      <Filter>Source Files</Filter>
    </ClCompile>
  </ItemGroup>
</Project>